
Microsoft Visual Studio Solution File, Format Version 12.00
# Visual Studio Version 17
VisualStudioVersion = 17.14.36310.24
MinimumVisualStudioVersion = 10.0.40219.1
Project("{FAE04EC0-301F-11D3-BF4B-00C04F79EFBC}") = "EnterpriceApp.API", "EnterpriceApp.API\EnterpriceApp.API.csproj", "{24FD2D47-AD00-44B5-8F4B-03CB0AB6C675}"
EndProject
Project("{FAE04EC0-301F-11D3-BF4B-00C04F79EFBC}") = "EnterpriseApp.Application", "EnterpriseApp.Application\EnterpriseApp.Application.csproj", "{0EFCC50A-FBC3-493A-BDFF-E39EC2BFB1A1}"
EndProject
Project("{FAE04EC0-301F-11D3-BF4B-00C04F79EFBC}") = "EnterpriseApp.Domain", "EnterpriseApp.Domain\EnterpriseApp.Domain.csproj", "{3595EEAD-D321-437D-BA08-B74FBC1FCC9F}"
EndProject
Project("{FAE04EC0-301F-11D3-BF4B-00C04F79EFBC}") = "EnterpriseApp.Infrastructure", "EnterpriseApp.Infrastructure\EnterpriseApp.Infrastructure.csproj", "{32E79B60-1D1B-429D-9AD0-D48670F68FF4}"
EndProject
Global
	GlobalSection(SolutionConfigurationPlatforms) = preSolution
		Debug|Any CPU = Debug|Any CPU
		Release|Any CPU = Release|Any CPU
	EndGlobalSection
	GlobalSection(ProjectConfigurationPlatforms) = postSolution
		{24FD2D47-AD00-44B5-8F4B-03CB0AB6C675}.Debug|Any CPU.ActiveCfg = Debug|Any CPU
		{24FD2D47-AD00-44B5-8F4B-03CB0AB6C675}.Debug|Any CPU.Build.0 = Debug|Any CPU
		{24FD2D47-AD00-44B5-8F4B-03CB0AB6C675}.Release|Any CPU.ActiveCfg = Release|Any CPU
		{24FD2D47-AD00-44B5-8F4B-03CB0AB6C675}.Release|Any CPU.Build.0 = Release|Any CPU
		{0EFCC50A-FBC3-493A-BDFF-E39EC2BFB1A1}.Debug|Any CPU.ActiveCfg = Debug|Any CPU
		{0EFCC50A-FBC3-493A-BDFF-E39EC2BFB1A1}.Debug|Any CPU.Build.0 = Debug|Any CPU
		{0EFCC50A-FBC3-493A-BDFF-E39EC2BFB1A1}.Release|Any CPU.ActiveCfg = Release|Any CPU
		{0EFCC50A-FBC3-493A-BDFF-E39EC2BFB1A1}.Release|Any CPU.Build.0 = Release|Any CPU
		{3595EEAD-D321-437D-BA08-B74FBC1FCC9F}.Debug|Any CPU.ActiveCfg = Debug|Any CPU
		{3595EEAD-D321-437D-BA08-B74FBC1FCC9F}.Debug|Any CPU.Build.0 = Debug|Any CPU
		{3595EEAD-D321-437D-BA08-B74FBC1FCC9F}.Release|Any CPU.ActiveCfg = Release|Any CPU
		{3595EEAD-D321-437D-BA08-B74FBC1FCC9F}.Release|Any CPU.Build.0 = Release|Any CPU
		{32E79B60-1D1B-429D-9AD0-D48670F68FF4}.Debug|Any CPU.ActiveCfg = Debug|Any CPU
		{32E79B60-1D1B-429D-9AD0-D48670F68FF4}.Debug|Any CPU.Build.0 = Debug|Any CPU
		{32E79B60-1D1B-429D-9AD0-D48670F68FF4}.Release|Any CPU.ActiveCfg = Release|Any CPU
		{32E79B60-1D1B-429D-9AD0-D48670F68FF4}.Release|Any CPU.Build.0 = Release|Any CPU
	EndGlobalSection
	GlobalSection(SolutionProperties) = preSolution
		HideSolutionNode = FALSE
	EndGlobalSection
	GlobalSection(ExtensibilityGlobals) = postSolution
		SolutionGuid = {1CCFE18C-A5EF-46D6-8F88-DBC3C2814E43}
	EndGlobalSection
EndGlobal
